{
  "originHash" : "92bd072ec673fe31e11ca35d196921c06d5b239f46cbdec58bfea65b6337d030",
  "pins" : [
    {
      "identity" : "llm.swift",
      "kind" : "remoteSourceControl",
      "location" : "https://github.com/eastriverlee/LLM.swift/",
      "state" : {
        "revision" : "e714315a389e2e6dff15d16f249c61b90c118331",
        "version" : "1.7.2"
      }
    }
  ],
  "version" : 3
}
